// !$*UTF8*$!
{
	archiveVersion = 1;
	classes = {
	};
	objectVersion = 50;
	objects = {

/* Begin PBXBuildFile section */
		061B33E520B6DF73009661AD /* CELL_Search.swift in Sources */ = {isa = PBXBuildFile; fileRef = 061B33E420B6DF73009661AD /* CELL_Search.swift */; };
		06C2D61320B58F2700F7972A /* AppDelegate.swift in Sources */ = {isa = PBXBuildFile; fileRef = 06C2D61220B58F2700F7972A /* AppDelegate.swift */; };
		06C2D61520B58F2700F7972A /* ViewController.swift in Sources */ = {isa = PBXBuildFile; fileRef = 06C2D61420B58F2700F7972A /* ViewController.swift */; };
		06C2D61820B58F2700F7972A /* Main.storyboard in Resources */ = {isa = PBXBuildFile; fileRef = 06C2D61620B58F2700F7972A /* Main.storyboard */; };
		06C2D61A20B58F2B00F7972A /* Assets.xcassets in Resources */ = {isa = PBXBuildFile; fileRef = 06C2D61920B58F2B00F7972A /* Assets.xcassets */; };
		06C2D61D20B58F2B00F7972A /* LaunchScreen.storyboard in Resources */ = {isa = PBXBuildFile; fileRef = 06C2D61B20B58F2B00F7972A /* LaunchScreen.storyboard */; };
		AFA0E23A89826D65429DBDA1 /* Pods_FBCategorySearch.framework in Frameworks */ = {isa = PBXBuildFile; fileRef = F2038C7CC17FE9BEE1BFAF46 /* Pods_FBCategorySearch.framework */; };
/* End PBXBuildFile section */

/* Begin PBXFileReference section */
		061B33E420B6DF73009661AD /* CELL_Search.swift */ = {isa = PBXFileReference; lastKnownFileType = sourcecode.swift; path = CELL_Search.swift; sourceTree = "<group>"; };
		06C2D60F20B58F2700F7972A /* FBCategorySearch.app */ = {isa = PBXFileReference; explicitFileType = wrapper.application; includeInIndex = 0; path = FBCategorySearch.app; sourceTree = BUILT_PRODUCTS_DIR; };
		06C2D61220B58F2700F7972A /* AppDelegate.swift */ = {isa = PBXFileReference; lastKnownFileType = sourcecode.swift; path = AppDelegate.swift; sourceTree = "<group>"; };
		06C2D61420B58F2700F7972A /* ViewController.swift */ = {isa = PBXFileReference; lastKnownFileType = sourcecode.swift; path = ViewController.swift; sourceTree = "<group>"; };
		06C2D61720B58F2700F7972A /* Base */ = {isa = PBXFileReference; lastKnownFileType = file.storyboard; name = Base; path = Base.lproj/Main.storyboard; sourceTree = "<group>"; };
		06C2D61920B58F2B00F7972A /* Assets.xcassets */ = {isa = PBXFileReference; lastKnownFileType = folder.assetcatalog; path = Assets.xcassets; sourceTree = "<group>"; };
		06C2D61C20B58F2B00F7972A /* Base */ = {isa = PBXFileReference; lastKnownFileType = file.storyboard; name = Base; path = Base.lproj/LaunchScreen.storyboard; sourceTree = "<group>"; };
		06C2D61E20B58F2B00F7972A /* Info.plist */ = {isa = PBXFileReference; lastKnownFileType = text.plist.xml; path = Info.plist; sourceTree = "<group>"; };
		C595CAFFBBC1D515BD5B306B /* Pods-FBCategorySearch.release.xcconfig */ = {isa = PBXFileReference; includeInIndex = 1; lastKnownFileType = text.xcconfig; name = "Pods-FBCategorySearch.release.xcconfig"; path = "Pods/Target Support Files/Pods-FBCategorySearch/Pods-FBCategorySearch.release.xcconfig"; sourceTree = "<group>"; };
		E06D2AE1BA6D9074B75375C1 /* Pods-FBCategorySearch.debug.xcconfig */ = {isa = PBXFileReference; includeInIndex = 1; lastKnownFileType = text.xcconfig; name = "Pods-FBCategorySearch.debug.xcconfig"; path = "Pods/Target Support Files/Pods-FBCategorySearch/Pods-FBCategorySearch.debug.xcconfig"; sourceTree = "<group>"; };
		F2038C7CC17FE9BEE1BFAF46 /* Pods_FBCategorySearch.framework */ = {isa = PBXFileReference; explicitFileType = wrapper.framework; includeInIndex = 0; path = Pods_FBCategorySearch.framework; sourceTree = BUILT_PRODUCTS_DIR; };
/* End PBXFileReference section */

/* Begin PBXFrameworksBuildPhase section */
		06C2D60C20B58F2700F7972A /* Frameworks */ = {
			isa = PBXFrameworksBuildPhase;
			buildActionMask = 2147483647;
			files = (
				AFA0E23A89826D65429DBDA1 /* Pods_FBCategorySearch.framework in Frameworks */,
			);
			runOnlyForDeploymentPostprocessing = 0;
		};
/* End PBXFrameworksBuildPhase section */

/* Begin PBXGroup section */
		06C2D60620B58F2700F7972A = {
			isa = PBXGroup;
			children = (
				06C2D61120B58F2700F7972A /* FBCategorySearch */,
				06C2D61020B58F2700F7972A /* Products */,
				9B30C55159E89436E643BA87 /* Pods */,
				D274CD36B252D6D89B91E96A /* Frameworks */,
			);
			sourceTree = "<group>";
		};
		06C2D61020B58F2700F7972A /* Products */ = {
			isa = PBXGroup;
			children = (
				06C2D60F20B58F2700F7972A /* FBCategorySearch.app */,
			);
			name = Products;
			sourceTree = "<group>";
		};
		06C2D61120B58F2700F7972A /* FBCategorySearch */ = {
			isa = PBXGroup;
			children = (
				06C2D61220B58F2700F7972A /* AppDelegate.swift */,
				06C2D61420B58F2700F7972A /* ViewController.swift */,
				061B33E420B6DF73009661AD /* CELL_Search.swift */,
				06C2D61620B58F2700F7972A /* Main.storyboard */,
				06C2D61920B58F2B00F7972A /* Assets.xcassets */,
				06C2D61B20B58F2B00F7972A /* LaunchScreen.storyboard */,
				06C2D61E20B58F2B00F7972A /* Info.plist */,
			);
			path = FBCategorySearch;
			sourceTree = "<group>";
		};
		9B30C55159E89436E643BA87 /* Pods */ = {
			isa = PBXGroup;
			children = (
				E06D2AE1BA6D9074B75375C1 /* Pods-FBCategorySearch.debug.xcconfig */,
				C595CAFFBBC1D515BD5B306B /* Pods-FBCategorySearch.release.xcconfig */,
			);
			name = Pods;
			sourceTree = "<group>";
		};
		D274CD36B252D6D89B91E96A /* Frameworks */ = {
			isa = PBXGroup;
			children = (
				F2038C7CC17FE9BEE1BFAF46 /* Pods_FBCategorySearch.framework */,
			);
			name = Frameworks;
			sourceTree = "<group>";
		};
/* End PBXGroup section */

/* Begin PBXNativeTarget section */
		06C2D60E20B58F2700F7972A /* FBCategorySearch */ = {
			isa = PBXNativeTarget;
			buildConfigurationList = 06C2D62120B58F2B00F7972A /* Build configuration list for PBXNativeTarget "FBCategorySearch" */;
			buildPhases = (
				B117B796001B86F328A8C7B9 /* [CP] Check Pods Manifest.lock */,
				06C2D60B20B58F2700F7972A /* Sources */,
				06C2D60C20B58F2700F7972A /* Frameworks */,
				06C2D60D20B58F2700F7972A /* Resources */,
				B26DE66B226B59AE13038707 /* [CP] Embed Pods Frameworks */,
				36D6FD761146518B967ABF4E /* [CP] Copy Pods Resources */,
			);
			buildRules = (
			);
			dependencies = (
			);
			name = FBCategorySearch;
			productName = FBCategorySearch;
			productReference = 06C2D60F20B58F2700F7972A /* FBCategorySearch.app */;
			productType = "com.apple.product-type.application";
		};
/* End PBXNativeTarget section */

/* Begin PBXProject section */
		06C2D60720B58F2700F7972A /* Project object */ = {
			isa = PBXProject;
			attributes = {
				LastSwiftUpdateCheck = 0930;
				LastUpgradeCheck = 0930;
				ORGANIZATIONNAME = Shanthakumar;
				TargetAttributes = {
					06C2D60E20B58F2700F7972A = {
						CreatedOnToolsVersion = 9.3;
					};
				};
			};
			buildConfigurationList = 06C2D60A20B58F2700F7972A /* Build configuration list for PBXProject "FBCategorySearch" */;
			compatibilityVersion = "Xcode 9.3";
			developmentRegion = en;
			hasScannedForEncodings = 0;
			knownRegions = (
				en,
				Base,
			);
			mainGroup = 06C2D60620B58F2700F7972A;
			productRefGroup = 06C2D61020B58F2700F7972A /* Products */;
			projectDirPath = "";
			projectRoot = "";
			targets = (
				06C2D60E20B58F2700F7972A /* FBCategorySearch */,
			);
		};
/* End PBXProject section */

/* Begin PBXResourcesBuildPhase section */
		06C2D60D20B58F2700F7972A /* Resources */ = {
			isa = PBXResourcesBuildPhase;
			buildActionMask = 2147483647;
			files = (
				06C2D61D20B58F2B00F7972A /* LaunchScreen.storyboard in Resources */,
				06C2D61A20B58F2B00F7972A /* Assets.xcassets in Resources */,
				06C2D61820B58F2700F7972A /* Main.storyboard in Resources */,
			);
			runOnlyForDeploymentPostprocessing = 0;
		};
/* End PBXResourcesBuildPhase section */

/* Begin PBXShellScriptBuildPhase section */
		36D6FD761146518B967ABF4E /* [CP] Copy Pods Resources */ = {
			isa = PBXShellScriptBuildPhase;
			buildActionMask = 2147483647;
			files = (
			);
			inputPaths = (
				"${SRCROOT}/Pods/Target Support Files/Pods-FBCategorySearch/Pods-FBCategorySearch-resources.sh",
				"${PODS_ROOT}/GoogleMaps/Maps/Frameworks/GoogleMaps.framework/Resources/GoogleMaps.bundle",
				"${PODS_ROOT}/GooglePlaces/Frameworks/GooglePlaces.framework/Resources/GooglePlaces.bundle",
			);
			name = "[CP] Copy Pods Resources";
			outputPaths = (
				"${TARGET_BUILD_DIR}/${UNLOCALIZED_RESOURCES_FOLDER_PATH}/GoogleMaps.bundle",
				"${TARGET_BUILD_DIR}/${UNLOCALIZED_RESOURCES_FOLDER_PATH}/GooglePlaces.bundle",
			);
			runOnlyForDeploymentPostprocessing = 0;
			shellPath = /bin/sh;
			shellScript = "\"${SRCROOT}/Pods/Target Support Files/Pods-FBCategorySearch/Pods-FBCategorySearch-resources.sh\"\n";
			showEnvVarsInLog = 0;
		};
		B117B796001B86F328A8C7B9 /* [CP] Check Pods Manifest.lock */ = {
			isa = PBXShellScriptBuildPhase;
			buildActionMask = 2147483647;
			files = (
			);
			inputPaths = (
				"${PODS_PODFILE_DIR_PATH}/Podfile.lock",
				"${PODS_ROOT}/Manifest.lock",
			);
			name = "[CP] Check Pods Manifest.lock";
			outputPaths = (
				"$(DERIVED_FILE_DIR)/Pods-FBCategorySearch-checkManifestLockResult.txt",
			);
			runOnlyForDeploymentPostprocessing = 0;
			shellPath = /bin/sh;
			shellScript = "diff \"${PODS_PODFILE_DIR_PATH}/Podfile.lock\" \"${PODS_ROOT}/Manifest.lock\" > /dev/null\nif [ $? != 0 ] ; then\n    # print error to STDERR\n    echo \"error: The sandbox is not in sync with the Podfile.lock. Run 'pod install' or update your CocoaPods installation.\" >&2\n    exit 1\nfi\n# This output is used by Xcode 'outputs' to avoid re-running this script phase.\necho \"SUCCESS\" > \"${SCRIPT_OUTPUT_FILE_0}\"\n";
			showEnvVarsInLog = 0;
		};
		B26DE66B226B59AE13038707 /* [CP] Embed Pods Frameworks */ = {
			isa = PBXShellScriptBuildPhase;
			buildActionMask = 2147483647;
			files = (
			);
			inputPaths = (
				"${SRCROOT}/Pods/Target Support Files/Pods-FBCategorySearch/Pods-FBCategorySearch-frameworks.sh",
				"${BUILT_PRODUCTS_DIR}/Bolts/Bolts.framework",
				"${BUILT_PRODUCTS_DIR}/FBSDKCoreKit/FBSDKCoreKit.framework",
				"${BUILT_PRODUCTS_DIR}/FBSDKLoginKit/FBSDKLoginKit.framework",
				"${BUILT_PRODUCTS_DIR}/FBSDKShareKit/FBSDKShareKit.framework",
				"${BUILT_PRODUCTS_DIR}/FacebookCore/FacebookCore.framework",
				"${BUILT_PRODUCTS_DIR}/FacebookLogin/FacebookLogin.framework",
				"${BUILT_PRODUCTS_DIR}/FacebookShare/FacebookShare.framework",
			);
			name = "[CP] Embed Pods Frameworks";
			outputPaths = (
				"${TARGET_BUILD_DIR}/${FRAMEWORKS_FOLDER_PATH}/Bolts.framework",
				"${TARGET_BUILD_DIR}/${FRAMEWORKS_FOLDER_PATH}/FBSDKCoreKit.framework",
				"${TARGET_BUILD_DIR}/${FRAMEWORKS_FOLDER_PATH}/FBSDKLoginKit.framework",
				"${TARGET_BUILD_DIR}/${FRAMEWORKS_FOLDER_PATH}/FBSDKShareKit.framework",
				"${TARGET_BUILD_DIR}/${FRAMEWORKS_FOLDER_PATH}/FacebookCore.framework",
				"${TARGET_BUILD_DIR}/${FRAMEWORKS_FOLDER_PATH}/FacebookLogin.framework",
				"${TARGET_BUILD_DIR}/${FRAMEWORKS_FOLDER_PATH}/FacebookShare.framework",
			);
			runOnlyForDeploymentPostprocessing = 0;
			shellPath = /bin/sh;
			shellScript = "\"${SRCROOT}/Pods/Target Support Files/Pods-FBCategorySearch/Pods-FBCategorySearch-frameworks.sh\"\n";
			showEnvVarsInLog = 0;
		};
/* End PBXShellScriptBuildPhase section */

/* Begin PBXSourcesBuildPhase section */
		06C2D60B20B58F2700F7972A /* Sources */ = {
			isa = PBXSourcesBuildPhase;
			buildActionMask = 2147483647;
			files = (
				06C2D61520B58F2700F7972A /* ViewController.swift in Sources */,
				06C2D61320B58F2700F7972A /* AppDelegate.swift in Sources */,
				061B33E520B6DF73009661AD /* CELL_Search.swift in Sources */,
			);
			runOnlyForDeploymentPostprocessing = 0;
		};
/* End PBXSourcesBuildPhase section */

/* Begin PBXVariantGroup section */
		06C2D61620B58F2700F7972A /* Main.storyboard */ = {
			isa = PBXVariantGroup;
			children = (
				06C2D61720B58F2700F7972A /* Base */,
			);
			name = Main.storyboard;
			sourceTree = "<group>";
		};
		06C2D61B20B58F2B00F7972A /* LaunchScreen.storyboard */ = {
			isa = PBXVariantGroup;
			children = (
				06C2D61C20B58F2B00F7972A /* Base */,
			);
			name = LaunchScreen.storyboard;
			sourceTree = "<group>";
		};
/* End PBXVariantGroup section */

/* Begin XCBuildConfiguration section */
		06C2D61F20B58F2B00F7972A /* Debug */ = {
			isa = XCBuildConfiguration;
			buildSettings = {
				ALWAYS_SEARCH_USER_PATHS = NO;
				CLANG_ANALYZER_NONNULL = YES;
				CLANG_ANALYZER_NUMBER_OBJECT_CONVERSION = YES_AGGRESSIVE;
				CLANG_CXX_LANGUAGE_STANDARD = "gnu++14";
				CLANG_CXX_LIBRARY = "libc++";
				CLANG_ENABLE_MODULES = YES;
				CLANG_ENABLE_OBJC_ARC = YES;
				CLANG_ENABLE_OBJC_WEAK = YES;
				CLANG_WARN_BLOCK_CAPTURE_AUTORELEASING = YES;
				CLANG_WARN_BOOL_CONVERSION = YES;
				CLANG_WARN_COMMA = YES;
				CLANG_WARN_CONSTANT_CONVERSION = YES;
				CLANG_WARN_DEPRECATED_OBJC_IMPLEMENTATIONS = YES;
				CLANG_WARN_DIRECT_OBJC_ISA_USAGE = YES_ERROR;
				CLANG_WARN_DOCUMENTATION_COMMENTS = YES;
				CLANG_WARN_EMPTY_BODY = YES;
				CLANG_WARN_ENUM_CONVERSION = YES;
				CLANG_WARN_INFINITE_RECURSION = YES;
				CLANG_WARN_INT_CONVERSION = YES;
				CLANG_WARN_NON_LITERAL_NULL_CONVERSION = YES;
				CLANG_WARN_OBJC_IMPLICIT_RETAIN_SELF = YES;
				CLANG_WARN_OBJC_LITERAL_CONVERSION = YES;
				CLANG_WARN_OBJC_ROOT_CLASS = YES_ERROR;
				CLANG_WARN_RANGE_LOOP_ANALYSIS = YES;
				CLANG_WARN_STRICT_PROTOTYPES = YES;
				CLANG_WARN_SUSPICIOUS_MOVE = YES;
				CLANG_WARN_UNGUARDED_AVAILABILITY = YES_AGGRESSIVE;
				CLANG_WARN_UNREACHABLE_CODE = YES;
				CLANG_WARN__DUPLICATE_METHOD_MATCH = YES;
				CODE_SIGN_IDENTITY = "iPhone Developer";
				COPY_PHASE_STRIP = NO;
				DEBUG_INFORMATION_FORMAT = dwarf;
				ENABLE_STRICT_OBJC_MSGSEND = YES;
				ENABLE_TESTABILITY = YES;
				GCC_C_LANGUAGE_STANDARD = gnu11;
				GCC_DYNAMIC_NO_PIC = NO;
				GCC_NO_COMMON_BLOCKS = YES;
				GCC_OPTIMIZATION_LEVEL = 0;
				GCC_PREPROCESSOR_DEFINITIONS = (
					"DEBUG=1",
					"$(inherited)",
				);
				GCC_WARN_64_TO_32_BIT_CONVERSION = YES;
				GCC_WARN_ABOUT_RETURN_TYPE = YES_ERROR;
				GCC_WARN_UNDECLARED_SELECTOR = YES;
				GCC_WARN_UNINITIALIZED_AUTOS = YES_AGGRESSIVE;
				GCC_WARN_UNUSED_FUNCTION = YES;
				GCC_WARN_UNUSED_VARIABLE = YES;
				IPHONEOS_DEPLOYMENT_TARGET = 11.3;
				MTL_ENABLE_DEBUG_INFO = YES;
				ONLY_ACTIVE_ARCH = YES;
				SDKROOT = iphoneos;
				SWIFT_ACTIVE_COMPILATION_CONDITIONS = DEBUG;
				SWIFT_OPTIMIZATION_LEVEL = "-Onone";
			};
			name = Debug;
		};
		06C2D62020B58F2B00F7972A /* Release */ = {
			isa = XCBuildConfiguration;
			buildSettings = {
				ALWAYS_SEARCH_USER_PATHS = NO;
				CLANG_ANALYZER_NONNULL = YES;
				CLANG_ANALYZER_NUMBER_OBJECT_CONVERSION = YES_AGGRESSIVE;
				CLANG_CXX_LANGUAGE_STANDARD = "gnu++14";
				CLANG_CXX_LIBRARY = "libc++";
				CLANG_ENABLE_MODULES = YES;
				CLANG_ENABLE_OBJC_ARC = YES;
				CLANG_ENABLE_OBJC_WEAK = YES;
				CLANG_WARN_BLOCK_CAPTURE_AUTORELEASING = YES;
				CLANG_WARN_BOOL_CONVERSION = YES;
				CLANG_WARN_COMMA = YES;
				CLANG_WARN_CONSTANT_CONVERSION = YES;
				CLANG_WARN_DEPRECATED_OBJC_IMPLEMENTATIONS = YES;
				CLANG_WARN_DIRECT_OBJC_ISA_USAGE = YES_ERROR;
				CLANG_WARN_DOCUMENTATION_COMMENTS = YES;
				CLANG_WARN_EMPTY_BODY = YES;
				CLANG_WARN_ENUM_CONVERSION = YES;
				CLANG_WARN_INFINITE_RECURSION = YES;
				CLANG_WARN_INT_CONVERSION = YES;
				CLANG_WARN_NON_LITERAL_NULL_CONVERSION = YES;
				CLANG_WARN_OBJC_IMPLICIT_RETAIN_SELF = YES;
				CLANG_WARN_OBJC_LITERAL_CONVERSION = YES;
				CLANG_WARN_OBJC_ROOT_CLASS = YES_ERROR;
				CLANG_WARN_RANGE_LOOP_ANALYSIS = YES;
				CLANG_WARN_STRICT_PROTOTYPES = YES;
				CLANG_WARN_SUSPICIOUS_MOVE = YES;
				CLANG_WARN_UNGUARDED_AVAILABILITY = YES_AGGRESSIVE;
				CLANG_WARN_UNREACHABLE_CODE = YES;
				CLANG_WARN__DUPLICATE_METHOD_MATCH = YES;
				CODE_SIGN_IDENTITY = "iPhone Developer";
				COPY_PHASE_STRIP = NO;
				DEBUG_INFORMATION_FORMAT = "dwarf-with-dsym";
				ENABLE_NS_ASSERTIONS = NO;
				ENABLE_STRICT_OBJC_MSGSEND = YES;
				GCC_C_LANGUAGE_STANDARD = gnu11;
				GCC_NO_COMMON_BLOCKS = YES;
				GCC_WARN_64_TO_32_BIT_CONVERSION = YES;
				GCC_WARN_ABOUT_RETURN_TYPE = YES_ERROR;
				GCC_WARN_UNDECLARED_SELECTOR = YES;
				GCC_WARN_UNINITIALIZED_AUTOS = YES_AGGRESSIVE;
				GCC_WARN_UNUSED_FUNCTION = YES;
				GCC_WARN_UNUSED_VARIABLE = YES;
				IPHONEOS_DEPLOYMENT_TARGET = 11.3;
				MTL_ENABLE_DEBUG_INFO = NO;
				SDKROOT = iphoneos;
				SWIFT_COMPILATION_MODE = wholemodule;
				SWIFT_OPTIMIZATION_LEVEL = "-O";
				VALIDATE_PRODUCT = YES;
			};
			name = Release;
		};
		06C2D62220B58F2B00F7972A /* Debug */ = {
			isa = XCBuildConfiguration;
			baseConfigurationReference = E06D2AE1BA6D9074B75375C1 /* Pods-FBCategorySearch.debug.xcconfig */;
			buildSettings = {
				ASSETCATALOG_COMPILER_APPICON_NAME = AppIcon;
				CODE_SIGN_STYLE = Automatic;
				INFOPLIST_FILE = FBCategorySearch/Info.plist;
				LD_RUNPATH_SEARCH_PATHS = "$(inherited) @executable_path/Frameworks";
				PRODUCT_BUNDLE_IDENTIFIER = com.FBCategorySearch;
				PRODUCT_NAME = "$(TARGET_NAME)";
				SWIFT_VERSION = 4.0;
				TARGETED_DEVICE_FAMILY = "1,2";
			};
			name = Debug;
		};
		06C2D62320B58F2B00F7972A /* Release */ = {
			isa = XCBuildConfiguration;
			baseConfigurationReference = C595CAFFBBC1D515BD5B306B /* Pods-FBCategorySearch.release.xcconfig */;
			buildSettings = {
				ASSETCATALOG_COMPILER_APPICON_NAME = AppIcon;
				CODE_SIGN_STYLE = Automatic;
				INFOPLIST_FILE = FBCategorySearch/Info.plist;
				LD_RUNPATH_SEARCH_PATHS = "$(inherited) @executable_path/Frameworks";
				PRODUCT_BUNDLE_IDENTIFIER = com.FBCategorySearch;
				PRODUCT_NAME = "$(TARGET_NAME)";
				SWIFT_VERSION = 4.0;
				TARGETED_DEVICE_FAMILY = "1,2";
			};
			name = Release;
		};
/* End XCBuildConfiguration section */

/* Begin XCConfigurationList section */
		06C2D60A20B58F2700F7972A /* Build configuration list for PBXProject "FBCategorySearch" */ = {
			isa = XCConfigurationList;
			buildConfigurations = (
				06C2D61F20B58F2B00F7972A /* Debug */,
				06C2D62020B58F2B00F7972A /* Release */,
			);
			defaultConfigurationIsVisible = 0;
			defaultConfigurationName = Release;
		};
		06C2D62120B58F2B00F7972A /* Build configuration list for PBXNativeTarget "FBCategorySearch" */ = {
			isa = XCConfigurationList;
			buildConfigurations = (
				06C2D62220B58F2B00F7972A /* Debug */,
				06C2D62320B58F2B00F7972A /* Release */,
			);
			defaultConfigurationIsVisible = 0;
			defaultConfigurationName = Release;
		};
/* End XCConfigurationList section */
	};
	rootObject = 06C2D60720B58F2700F7972A /* Project object */;
}
